// !$*UTF8*$!
{
	archiveVersion = 1;
	classes = {
	};
	objectVersion = 50;
	objects = {

/* Begin PBXBuildFile section */
		DC084FAD28098AE6007BDFDE /* Extension.swift in Sources */ = {isa = PBXBuildFile; fileRef = DC084FAC28098AE6007BDFDE /* Extension.swift */; };
		DC084FB5280AA04D007BDFDE /* UITextField+Extension.swift in Sources */ = {isa = PBXBuildFile; fileRef = DC084FB4280AA04D007BDFDE /* UITextField+Extension.swift */; };
		DC084FBA280AA060007BDFDE /* UIButton+Extension.swift in Sources */ = {isa = PBXBuildFile; fileRef = DC084FB9280AA060007BDFDE /* UIButton+Extension.swift */; };
		DC084FC9280AC88F007BDFDE /* HomeViewController.swift in Sources */ = {isa = PBXBuildFile; fileRef = DC084FC8280AC88F007BDFDE /* HomeViewController.swift */; };
		DC93B706280C4AAB00FAE98C /* HomeView.swift in Sources */ = {isa = PBXBuildFile; fileRef = DC93B705280C4AAB00FAE98C /* HomeView.swift */; };
		DC93B70B280C4DC700FAE98C /* SplashViewController.swift in Sources */ = {isa = PBXBuildFile; fileRef = DC93B70A280C4DC700FAE98C /* SplashViewController.swift */; };
		DCE8ABAE280930760061796E /* AppDelegate.swift in Sources */ = {isa = PBXBuildFile; fileRef = DCE8ABAD280930760061796E /* AppDelegate.swift */; };
		DCE8ABB2280930760061796E /* LoginViewController.swift in Sources */ = {isa = PBXBuildFile; fileRef = DCE8ABB1280930760061796E /* LoginViewController.swift */; };
		DCE8ABB7280930780061796E /* Assets.xcassets in Resources */ = {isa = PBXBuildFile; fileRef = DCE8ABB6280930780061796E /* Assets.xcassets */; };
		DCE8ABBA280930780061796E /* LaunchScreen.storyboard in Resources */ = {isa = PBXBuildFile; fileRef = DCE8ABB8280930780061796E /* LaunchScreen.storyboard */; };
		DCE8ABC5280930780061796E /* SurveyTests.swift in Sources */ = {isa = PBXBuildFile; fileRef = DCE8ABC4280930780061796E /* SurveyTests.swift */; };
		DCE8ABD0280930780061796E /* SurveyUITests.swift in Sources */ = {isa = PBXBuildFile; fileRef = DCE8ABCF280930780061796E /* SurveyUITests.swift */; };
		DCE8ABF32809577E0061796E /* LoginView.swift in Sources */ = {isa = PBXBuildFile; fileRef = DCE8ABF22809577E0061796E /* LoginView.swift */; };
/* End PBXBuildFile section */

/* Begin PBXContainerItemProxy section */
		DCE8ABC1280930780061796E /* PBXContainerItemProxy */ = {
			isa = PBXContainerItemProxy;
			containerPortal = DCE8ABA2280930760061796E /* Project object */;
			proxyType = 1;
			remoteGlobalIDString = DCE8ABA9280930760061796E;
			remoteInfo = Survey;
		};
		DCE8ABCC280930780061796E /* PBXContainerItemProxy */ = {
			isa = PBXContainerItemProxy;
			containerPortal = DCE8ABA2280930760061796E /* Project object */;
			proxyType = 1;
			remoteGlobalIDString = DCE8ABA9280930760061796E;
			remoteInfo = Survey;
		};
/* End PBXContainerItemProxy section */

/* Begin PBXFileReference section */
		DC084FAC28098AE6007BDFDE /* Extension.swift */ = {isa = PBXFileReference; lastKnownFileType = sourcecode.swift; path = Extension.swift; sourceTree = "<group>"; };
		DC084FB4280AA04D007BDFDE /* UITextField+Extension.swift */ = {isa = PBXFileReference; lastKnownFileType = sourcecode.swift; path = "UITextField+Extension.swift"; sourceTree = "<group>"; };
		DC084FB9280AA060007BDFDE /* UIButton+Extension.swift */ = {isa = PBXFileReference; lastKnownFileType = sourcecode.swift; path = "UIButton+Extension.swift"; sourceTree = "<group>"; };
		DC084FC8280AC88F007BDFDE /* HomeViewController.swift */ = {isa = PBXFileReference; lastKnownFileType = sourcecode.swift; path = HomeViewController.swift; sourceTree = "<group>"; };
		DC93B705280C4AAB00FAE98C /* HomeView.swift */ = {isa = PBXFileReference; lastKnownFileType = sourcecode.swift; path = HomeView.swift; sourceTree = "<group>"; };
		DC93B70A280C4DC700FAE98C /* SplashViewController.swift */ = {isa = PBXFileReference; lastKnownFileType = sourcecode.swift; path = SplashViewController.swift; sourceTree = "<group>"; };
		DCE8ABAA280930760061796E /* Survey.app */ = {isa = PBXFileReference; explicitFileType = wrapper.application; includeInIndex = 0; path = Survey.app; sourceTree = BUILT_PRODUCTS_DIR; };
		DCE8ABAD280930760061796E /* AppDelegate.swift */ = {isa = PBXFileReference; lastKnownFileType = sourcecode.swift; path = AppDelegate.swift; sourceTree = "<group>"; };
		DCE8ABB1280930760061796E /* LoginViewController.swift */ = {isa = PBXFileReference; lastKnownFileType = sourcecode.swift; path = LoginViewController.swift; sourceTree = "<group>"; };
		DCE8ABB6280930780061796E /* Assets.xcassets */ = {isa = PBXFileReference; lastKnownFileType = folder.assetcatalog; path = Assets.xcassets; sourceTree = "<group>"; };
		DCE8ABB9280930780061796E /* Base */ = {isa = PBXFileReference; lastKnownFileType = file.storyboard; name = Base; path = Base.lproj/LaunchScreen.storyboard; sourceTree = "<group>"; };
		DCE8ABBB280930780061796E /* Info.plist */ = {isa = PBXFileReference; lastKnownFileType = text.plist.xml; path = Info.plist; sourceTree = "<group>"; };
		DCE8ABC0280930780061796E /* SurveyTests.xctest */ = {isa = PBXFileReference; explicitFileType = wrapper.cfbundle; includeInIndex = 0; path = SurveyTests.xctest; sourceTree = BUILT_PRODUCTS_DIR; };
		DCE8ABC4280930780061796E /* SurveyTests.swift */ = {isa = PBXFileReference; lastKnownFileType = sourcecode.swift; path = SurveyTests.swift; sourceTree = "<group>"; };
		DCE8ABC6280930780061796E /* Info.plist */ = {isa = PBXFileReference; lastKnownFileType = text.plist.xml; path = Info.plist; sourceTree = "<group>"; };
		DCE8ABCB280930780061796E /* SurveyUITests.xctest */ = {isa = PBXFileReference; explicitFileType = wrapper.cfbundle; includeInIndex = 0; path = SurveyUITests.xctest; sourceTree = BUILT_PRODUCTS_DIR; };
		DCE8ABCF280930780061796E /* SurveyUITests.swift */ = {isa = PBXFileReference; lastKnownFileType = sourcecode.swift; path = SurveyUITests.swift; sourceTree = "<group>"; };
		DCE8ABD1280930780061796E /* Info.plist */ = {isa = PBXFileReference; lastKnownFileType = text.plist.xml; path = Info.plist; sourceTree = "<group>"; };
		DCE8ABF22809577E0061796E /* LoginView.swift */ = {isa = PBXFileReference; lastKnownFileType = sourcecode.swift; path = LoginView.swift; sourceTree = "<group>"; };
/* End PBXFileReference section */

/* Begin PBXFrameworksBuildPhase section */
		DCE8ABA7280930760061796E /* Frameworks */ = {
			isa = PBXFrameworksBuildPhase;
			buildActionMask = 2147483647;
			files = (
			);
			runOnlyForDeploymentPostprocessing = 0;
		};
		DCE8ABBD280930780061796E /* Frameworks */ = {
			isa = PBXFrameworksBuildPhase;
			buildActionMask = 2147483647;
			files = (
			);
			runOnlyForDeploymentPostprocessing = 0;
		};
		DCE8ABC8280930780061796E /* Frameworks */ = {
			isa = PBXFrameworksBuildPhase;
			buildActionMask = 2147483647;
			files = (
			);
			runOnlyForDeploymentPostprocessing = 0;
		};
/* End PBXFrameworksBuildPhase section */

/* Begin PBXGroup section */
		DC084FBE280AA134007BDFDE /* Extension */ = {
			isa = PBXGroup;
			children = (
				DC084FAC28098AE6007BDFDE /* Extension.swift */,
				DC084FB4280AA04D007BDFDE /* UITextField+Extension.swift */,
				DC084FB9280AA060007BDFDE /* UIButton+Extension.swift */,
			);
			path = Extension;
			sourceTree = "<group>";
		};
		DCE8ABA1280930760061796E = {
			isa = PBXGroup;
			children = (
				DCE8ABAC280930760061796E /* Survey */,
				DCE8ABC3280930780061796E /* SurveyTests */,
				DCE8ABCE280930780061796E /* SurveyUITests */,
				DCE8ABAB280930760061796E /* Products */,
			);
			sourceTree = "<group>";
		};
		DCE8ABAB280930760061796E /* Products */ = {
			isa = PBXGroup;
			children = (
				DCE8ABAA280930760061796E /* Survey.app */,
				DCE8ABC0280930780061796E /* SurveyTests.xctest */,
				DCE8ABCB280930780061796E /* SurveyUITests.xctest */,
			);
			name = Products;
			sourceTree = "<group>";
		};
		DCE8ABAC280930760061796E /* Survey */ = {
			isa = PBXGroup;
			children = (
				DC084FBE280AA134007BDFDE /* Extension */,
				DCE8ABB6280930780061796E /* Assets.xcassets */,
				DCE8ABAD280930760061796E /* AppDelegate.swift */,
				DCE8ABF22809577E0061796E /* LoginView.swift */,
				DCE8ABB1280930760061796E /* LoginViewController.swift */,
				DC084FC8280AC88F007BDFDE /* HomeViewController.swift */,
				DCE8ABB8280930780061796E /* LaunchScreen.storyboard */,
				DCE8ABBB280930780061796E /* Info.plist */,
				DC93B705280C4AAB00FAE98C /* HomeView.swift */,
				DC93B70A280C4DC700FAE98C /* SplashViewController.swift */,
			);
			path = Survey;
			sourceTree = "<group>";
		};
		DCE8ABC3280930780061796E /* SurveyTests */ = {
			isa = PBXGroup;
			children = (
				DCE8ABC4280930780061796E /* SurveyTests.swift */,
				DCE8ABC6280930780061796E /* Info.plist */,
			);
			path = SurveyTests;
			sourceTree = "<group>";
		};
		DCE8ABCE280930780061796E /* SurveyUITests */ = {
			isa = PBXGroup;
			children = (
				DCE8ABCF280930780061796E /* SurveyUITests.swift */,
				DCE8ABD1280930780061796E /* Info.plist */,
			);
			path = SurveyUITests;
			sourceTree = "<group>";
		};
/* End PBXGroup section */

/* Begin PBXNativeTarget section */
		DCE8ABA9280930760061796E /* Survey */ = {
			isa = PBXNativeTarget;
			buildConfigurationList = DCE8ABD4280930780061796E /* Build configuration list for PBXNativeTarget "Survey" */;
			buildPhases = (
				DCE8ABA6280930760061796E /* Sources */,
				DCE8ABA7280930760061796E /* Frameworks */,
				DCE8ABA8280930760061796E /* Resources */,
			);
			buildRules = (
			);
			dependencies = (
			);
			name = Survey;
			productName = Survey;
			productReference = DCE8ABAA280930760061796E /* Survey.app */;
			productType = "com.apple.product-type.application";
		};
		DCE8ABBF280930780061796E /* SurveyTests */ = {
			isa = PBXNativeTarget;
			buildConfigurationList = DCE8ABD7280930780061796E /* Build configuration list for PBXNativeTarget "SurveyTests" */;
			buildPhases = (
				DCE8ABBC280930780061796E /* Sources */,
				DCE8ABBD280930780061796E /* Frameworks */,
				DCE8ABBE280930780061796E /* Resources */,
			);
			buildRules = (
			);
			dependencies = (
				DCE8ABC2280930780061796E /* PBXTargetDependency */,
			);
			name = SurveyTests;
			productName = SurveyTests;
			productReference = DCE8ABC0280930780061796E /* SurveyTests.xctest */;
			productType = "com.apple.product-type.bundle.unit-test";
		};
		DCE8ABCA280930780061796E /* SurveyUITests */ = {
			isa = PBXNativeTarget;
			buildConfigurationList = DCE8ABDA280930780061796E /* Build configuration list for PBXNativeTarget "SurveyUITests" */;
			buildPhases = (
				DCE8ABC7280930780061796E /* Sources */,
				DCE8ABC8280930780061796E /* Frameworks */,
				DCE8ABC9280930780061796E /* Resources */,
			);
			buildRules = (
			);
			dependencies = (
				DCE8ABCD280930780061796E /* PBXTargetDependency */,
			);
			name = SurveyUITests;
			productName = SurveyUITests;
			productReference = DCE8ABCB280930780061796E /* SurveyUITests.xctest */;
			productType = "com.apple.product-type.bundle.ui-testing";
		};
/* End PBXNativeTarget section */

/* Begin PBXProject section */
		DCE8ABA2280930760061796E /* Project object */ = {
			isa = PBXProject;
			attributes = {
				LastSwiftUpdateCheck = 1240;
				LastUpgradeCheck = 1240;
				TargetAttributes = {
					DCE8ABA9280930760061796E = {
						CreatedOnToolsVersion = 12.4;
					};
					DCE8ABBF280930780061796E = {
						CreatedOnToolsVersion = 12.4;
						TestTargetID = DCE8ABA9280930760061796E;
					};
					DCE8ABCA280930780061796E = {
						CreatedOnToolsVersion = 12.4;
						TestTargetID = DCE8ABA9280930760061796E;
					};
				};
			};
			buildConfigurationList = DCE8ABA5280930760061796E /* Build configuration list for PBXProject "Survey" */;
			compatibilityVersion = "Xcode 9.3";
			developmentRegion = en;
			hasScannedForEncodings = 0;
			knownRegions = (
				en,
				Base,
			);
			mainGroup = DCE8ABA1280930760061796E;
			productRefGroup = DCE8ABAB280930760061796E /* Products */;
			projectDirPath = "";
			projectRoot = "";
			targets = (
				DCE8ABA9280930760061796E /* Survey */,
				DCE8ABBF280930780061796E /* SurveyTests */,
				DCE8ABCA280930780061796E /* SurveyUITests */,
			);
		};
/* End PBXProject section */

/* Begin PBXResourcesBuildPhase section */
		DCE8ABA8280930760061796E /* Resources */ = {
			isa = PBXResourcesBuildPhase;
			buildActionMask = 2147483647;
			files = (
				DCE8ABBA280930780061796E /* LaunchScreen.storyboard in Resources */,
				DCE8ABB7280930780061796E /* Assets.xcassets in Resources */,
			);
			runOnlyForDeploymentPostprocessing = 0;
		};
		DCE8ABBE280930780061796E /* Resources */ = {
			isa = PBXResourcesBuildPhase;
			buildActionMask = 2147483647;
			files = (
			);
			runOnlyForDeploymentPostprocessing = 0;
		};
		DCE8ABC9280930780061796E /* Resources */ = {
			isa = PBXResourcesBuildPhase;
			buildActionMask = 2147483647;
			files = (
			);
			runOnlyForDeploymentPostprocessing = 0;
		};
/* End PBXResourcesBuildPhase section */

/* Begin PBXSourcesBuildPhase section */
		DCE8ABA6280930760061796E /* Sources */ = {
			isa = PBXSourcesBuildPhase;
			buildActionMask = 2147483647;
			files = (
				DC084FB5280AA04D007BDFDE /* UITextField+Extension.swift in Sources */,
				DCE8ABF32809577E0061796E /* LoginView.swift in Sources */,
				DCE8ABB2280930760061796E /* LoginViewController.swift in Sources */,
				DC93B70B280C4DC700FAE98C /* SplashViewController.swift in Sources */,
				DCE8ABAE280930760061796E /* AppDelegate.swift in Sources */,
				DC084FAD28098AE6007BDFDE /* Extension.swift in Sources */,
				DC93B706280C4AAB00FAE98C /* HomeView.swift in Sources */,
				DC084FC9280AC88F007BDFDE /* HomeViewController.swift in Sources */,
				DC084FBA280AA060007BDFDE /* UIButton+Extension.swift in Sources */,
			);
			runOnlyForDeploymentPostprocessing = 0;
		};
		DCE8ABBC280930780061796E /* Sources */ = {
			isa = PBXSourcesBuildPhase;
			buildActionMask = 2147483647;
			files = (
				DCE8ABC5280930780061796E /* SurveyTests.swift in Sources */,
			);
			runOnlyForDeploymentPostprocessing = 0;
		};
		DCE8ABC7280930780061796E /* Sources */ = {
			isa = PBXSourcesBuildPhase;
			buildActionMask = 2147483647;
			files = (
				DCE8ABD0280930780061796E /* SurveyUITests.swift in Sources */,
			);
			runOnlyForDeploymentPostprocessing = 0;
		};
/* End PBXSourcesBuildPhase section */

/* Begin PBXTargetDependency section */
		DCE8ABC2280930780061796E /* PBXTargetDependency */ = {
			isa = PBXTargetDependency;
			target = DCE8ABA9280930760061796E /* Survey */;
			targetProxy = DCE8ABC1280930780061796E /* PBXContainerItemProxy */;
		};
		DCE8ABCD280930780061796E /* PBXTargetDependency */ = {
			isa = PBXTargetDependency;
			target = DCE8ABA9280930760061796E /* Survey */;
			targetProxy = DCE8ABCC280930780061796E /* PBXContainerItemProxy */;
		};
/* End PBXTargetDependency section */

/* Begin PBXVariantGroup section */
		DCE8ABB8280930780061796E /* LaunchScreen.storyboard */ = {
			isa = PBXVariantGroup;
			children = (
				DCE8ABB9280930780061796E /* Base */,
			);
			name = LaunchScreen.storyboard;
			sourceTree = "<group>";
		};
/* End PBXVariantGroup section */

/* Begin XCBuildConfiguration section */
		DCE8ABD2280930780061796E /* Debug */ = {
			isa = XCBuildConfiguration;
			buildSettings = {
				ALWAYS_SEARCH_USER_PATHS = NO;
				CLANG_ANALYZER_NONNULL = YES;
				CLANG_ANALYZER_NUMBER_OBJECT_CONVERSION = YES_AGGRESSIVE;
				CLANG_CXX_LANGUAGE_STANDARD = "gnu++14";
				CLANG_CXX_LIBRARY = "libc++";
				CLANG_ENABLE_MODULES = YES;
				CLANG_ENABLE_OBJC_ARC = YES;
				CLANG_ENABLE_OBJC_WEAK = YES;
				CLANG_WARN_BLOCK_CAPTURE_AUTORELEASING = YES;
				CLANG_WARN_BOOL_CONVERSION = YES;
				CLANG_WARN_COMMA = YES;
				CLANG_WARN_CONSTANT_CONVERSION = YES;
				CLANG_WARN_DEPRECATED_OBJC_IMPLEMENTATIONS = YES;
				CLANG_WARN_DIRECT_OBJC_ISA_USAGE = YES_ERROR;
				CLANG_WARN_DOCUMENTATION_COMMENTS = YES;
				CLANG_WARN_EMPTY_BODY = YES;
				CLANG_WARN_ENUM_CONVERSION = YES;
				CLANG_WARN_INFINITE_RECURSION = YES;
				CLANG_WARN_INT_CONVERSION = YES;
				CLANG_WARN_NON_LITERAL_NULL_CONVERSION = YES;
				CLANG_WARN_OBJC_IMPLICIT_RETAIN_SELF = YES;
				CLANG_WARN_OBJC_LITERAL_CONVERSION = YES;
				CLANG_WARN_OBJC_ROOT_CLASS = YES_ERROR;
				CLANG_WARN_QUOTED_INCLUDE_IN_FRAMEWORK_HEADER = YES;
				CLANG_WARN_RANGE_LOOP_ANALYSIS = YES;
				CLANG_WARN_STRICT_PROTOTYPES = YES;
				CLANG_WARN_SUSPICIOUS_MOVE = YES;
				CLANG_WARN_UNGUARDED_AVAILABILITY = YES_AGGRESSIVE;
				CLANG_WARN_UNREACHABLE_CODE = YES;
				CLANG_WARN__DUPLICATE_METHOD_MATCH = YES;
				COPY_PHASE_STRIP = NO;
				DEBUG_INFORMATION_FORMAT = dwarf;
				ENABLE_STRICT_OBJC_MSGSEND = YES;
				ENABLE_TESTABILITY = YES;
				GCC_C_LANGUAGE_STANDARD = gnu11;
				GCC_DYNAMIC_NO_PIC = NO;
				GCC_NO_COMMON_BLOCKS = YES;
				GCC_OPTIMIZATION_LEVEL = 0;
				GCC_PREPROCESSOR_DEFINITIONS = (
					"DEBUG=1",
					"$(inherited)",
				);
				GCC_WARN_64_TO_32_BIT_CONVERSION = YES;
				GCC_WARN_ABOUT_RETURN_TYPE = YES_ERROR;
				GCC_WARN_UNDECLARED_SELECTOR = YES;
				GCC_WARN_UNINITIALIZED_AUTOS = YES_AGGRESSIVE;
				GCC_WARN_UNUSED_FUNCTION = YES;
				GCC_WARN_UNUSED_VARIABLE = YES;
				IPHONEOS_DEPLOYMENT_TARGET = 14.4;
				MTL_ENABLE_DEBUG_INFO = INCLUDE_SOURCE;
				MTL_FAST_MATH = YES;
				ONLY_ACTIVE_ARCH = YES;
				SDKROOT = iphoneos;
				SWIFT_ACTIVE_COMPILATION_CONDITIONS = DEBUG;
				SWIFT_OPTIMIZATION_LEVEL = "-Onone";
			};
			name = Debug;
		};
		DCE8ABD3280930780061796E /* Release */ = {
			isa = XCBuildConfiguration;
			buildSettings = {
				ALWAYS_SEARCH_USER_PATHS = NO;
				CLANG_ANALYZER_NONNULL = YES;
				CLANG_ANALYZER_NUMBER_OBJECT_CONVERSION = YES_AGGRESSIVE;
				CLANG_CXX_LANGUAGE_STANDARD = "gnu++14";
				CLANG_CXX_LIBRARY = "libc++";
				CLANG_ENABLE_MODULES = YES;
				CLANG_ENABLE_OBJC_ARC = YES;
				CLANG_ENABLE_OBJC_WEAK = YES;
				CLANG_WARN_BLOCK_CAPTURE_AUTORELEASING = YES;
				CLANG_WARN_BOOL_CONVERSION = YES;
				CLANG_WARN_COMMA = YES;
				CLANG_WARN_CONSTANT_CONVERSION = YES;
				CLANG_WARN_DEPRECATED_OBJC_IMPLEMENTATIONS = YES;
				CLANG_WARN_DIRECT_OBJC_ISA_USAGE = YES_ERROR;
				CLANG_WARN_DOCUMENTATION_COMMENTS = YES;
				CLANG_WARN_EMPTY_BODY = YES;
				CLANG_WARN_ENUM_CONVERSION = YES;
				CLANG_WARN_INFINITE_RECURSION = YES;
				CLANG_WARN_INT_CONVERSION = YES;
				CLANG_WARN_NON_LITERAL_NULL_CONVERSION = YES;
				CLANG_WARN_OBJC_IMPLICIT_RETAIN_SELF = YES;
				CLANG_WARN_OBJC_LITERAL_CONVERSION = YES;
				CLANG_WARN_OBJC_ROOT_CLASS = YES_ERROR;
				CLANG_WARN_QUOTED_INCLUDE_IN_FRAMEWORK_HEADER = YES;
				CLANG_WARN_RANGE_LOOP_ANALYSIS = YES;
				CLANG_WARN_STRICT_PROTOTYPES = YES;
				CLANG_WARN_SUSPICIOUS_MOVE = YES;
				CLANG_WARN_UNGUARDED_AVAILABILITY = YES_AGGRESSIVE;
				CLANG_WARN_UNREACHABLE_CODE = YES;
				CLANG_WARN__DUPLICATE_METHOD_MATCH = YES;
				COPY_PHASE_STRIP = NO;
				DEBUG_INFORMATION_FORMAT = "dwarf-with-dsym";
				ENABLE_NS_ASSERTIONS = NO;
				ENABLE_STRICT_OBJC_MSGSEND = YES;
				GCC_C_LANGUAGE_STANDARD = gnu11;
				GCC_NO_COMMON_BLOCKS = YES;
				GCC_WARN_64_TO_32_BIT_CONVERSION = YES;
				GCC_WARN_ABOUT_RETURN_TYPE = YES_ERROR;
				GCC_WARN_UNDECLARED_SELECTOR = YES;
				GCC_WARN_UNINITIALIZED_AUTOS = YES_AGGRESSIVE;
				GCC_WARN_UNUSED_FUNCTION = YES;
				GCC_WARN_UNUSED_VARIABLE = YES;
				IPHONEOS_DEPLOYMENT_TARGET = 14.4;
				MTL_ENABLE_DEBUG_INFO = NO;
				MTL_FAST_MATH = YES;
				SDKROOT = iphoneos;
				SWIFT_COMPILATION_MODE = wholemodule;
				SWIFT_OPTIMIZATION_LEVEL = "-O";
				VALIDATE_PRODUCT = YES;
			};
			name = Release;
		};
		DCE8ABD5280930780061796E /* Debug */ = {
			isa = XCBuildConfiguration;
			buildSettings = {
				ASSETCATALOG_COMPILER_APPICON_NAME = AppIcon;
				ASSETCATALOG_COMPILER_GLOBAL_ACCENT_COLOR_NAME = AccentColor;
				CODE_SIGN_STYLE = Automatic;
				DEVELOPMENT_TEAM = 9786TSAYF2;
				INFOPLIST_FILE = Survey/Info.plist;
				IPHONEOS_DEPLOYMENT_TARGET = 10.0;
				LD_RUNPATH_SEARCH_PATHS = (
					"$(inherited)",
					"@executable_path/Frameworks",
				);
				PRODUCT_BUNDLE_IDENTIFIER = Kamonpan.Survey;
				PRODUCT_NAME = "$(TARGET_NAME)";
				SWIFT_VERSION = 5.0;
				TARGETED_DEVICE_FAMILY = "1,2";
			};
			name = Debug;
		};
		DCE8ABD6280930780061796E /* Release */ = {
			isa = XCBuildConfiguration;
			buildSettings = {
				ASSETCATALOG_COMPILER_APPICON_NAME = AppIcon;
				ASSETCATALOG_COMPILER_GLOBAL_ACCENT_COLOR_NAME = AccentColor;
				CODE_SIGN_STYLE = Automatic;
				DEVELOPMENT_TEAM = 9786TSAYF2;
				INFOPLIST_FILE = Survey/Info.plist;
				IPHONEOS_DEPLOYMENT_TARGET = 10.0;
				LD_RUNPATH_SEARCH_PATHS = (
					"$(inherited)",
					"@executable_path/Frameworks",
				);
				PRODUCT_BUNDLE_IDENTIFIER = Kamonpan.Survey;
				PRODUCT_NAME = "$(TARGET_NAME)";
				SWIFT_VERSION = 5.0;
				TARGETED_DEVICE_FAMILY = "1,2";
			};
			name = Release;
		};
		DCE8ABD8280930780061796E /* Debug */ = {
			isa = XCBuildConfiguration;
			buildSettings = {
				ALWAYS_EMBED_SWIFT_STANDARD_LIBRARIES = YES;
				BUNDLE_LOADER = "$(TEST_HOST)";
				CODE_SIGN_STYLE = Automatic;
				DEVELOPMENT_TEAM = 9786TSAYF2;
				INFOPLIST_FILE = SurveyTests/Info.plist;
				IPHONEOS_DEPLOYMENT_TARGET = 14.4;
				LD_RUNPATH_SEARCH_PATHS = (
					"$(inherited)",
					"@executable_path/Frameworks",
					"@loader_path/Frameworks",
				);
				PRODUCT_BUNDLE_IDENTIFIER = Kamonpan.SurveyTests;
				PRODUCT_NAME = "$(TARGET_NAME)";
				SWIFT_VERSION = 5.0;
				TARGETED_DEVICE_FAMILY = "1,2";
				TEST_HOST = "$(BUILT_PRODUCTS_DIR)/Survey.app/Survey";
			};
			name = Debug;
		};
		DCE8ABD9280930780061796E /* Release */ = {
			isa = XCBuildConfiguration;
			buildSettings = {
				ALWAYS_EMBED_SWIFT_STANDARD_LIBRARIES = YES;
				BUNDLE_LOADER = "$(TEST_HOST)";
				CODE_SIGN_STYLE = Automatic;
				DEVELOPMENT_TEAM = 9786TSAYF2;
				INFOPLIST_FILE = SurveyTests/Info.plist;
				IPHONEOS_DEPLOYMENT_TARGET = 14.4;
				LD_RUNPATH_SEARCH_PATHS = (
					"$(inherited)",
					"@executable_path/Frameworks",
					"@loader_path/Frameworks",
				);
				PRODUCT_BUNDLE_IDENTIFIER = Kamonpan.SurveyTests;
				PRODUCT_NAME = "$(TARGET_NAME)";
				SWIFT_VERSION = 5.0;
				TARGETED_DEVICE_FAMILY = "1,2";
				TEST_HOST = "$(BUILT_PRODUCTS_DIR)/Survey.app/Survey";
			};
			name = Release;
		};
		DCE8ABDB280930780061796E /* Debug */ = {
			isa = XCBuildConfiguration;
			buildSettings = {
				ALWAYS_EMBED_SWIFT_STANDARD_LIBRARIES = YES;
				CODE_SIGN_STYLE = Automatic;
				DEVELOPMENT_TEAM = 9786TSAYF2;
				INFOPLIST_FILE = SurveyUITests/Info.plist;
				LD_RUNPATH_SEARCH_PATHS = (
					"$(inherited)",
					"@executable_path/Frameworks",
					"@loader_path/Frameworks",
				);
				PRODUCT_BUNDLE_IDENTIFIER = Kamonpan.SurveyUITests;
				PRODUCT_NAME = "$(TARGET_NAME)";
				SWIFT_VERSION = 5.0;
				TARGETED_DEVICE_FAMILY = "1,2";
				TEST_TARGET_NAME = Survey;
			};
			name = Debug;
		};
		DCE8ABDC280930780061796E /* Release */ = {
			isa = XCBuildConfiguration;
			buildSettings = {
				ALWAYS_EMBED_SWIFT_STANDARD_LIBRARIES = YES;
				CODE_SIGN_STYLE = Automatic;
				DEVELOPMENT_TEAM = 9786TSAYF2;
				INFOPLIST_FILE = SurveyUITests/Info.plist;
				LD_RUNPATH_SEARCH_PATHS = (
					"$(inherited)",
					"@executable_path/Frameworks",
					"@loader_path/Frameworks",
				);
				PRODUCT_BUNDLE_IDENTIFIER = Kamonpan.SurveyUITests;
				PRODUCT_NAME = "$(TARGET_NAME)";
				SWIFT_VERSION = 5.0;
				TARGETED_DEVICE_FAMILY = "1,2";
				TEST_TARGET_NAME = Survey;
			};
			name = Release;
		};
/* End XCBuildConfiguration section */

/* Begin XCConfigurationList section */
		DCE8ABA5280930760061796E /* Build configuration list for PBXProject "Survey" */ = {
			isa = XCConfigurationList;
			buildConfigurations = (
				DCE8ABD2280930780061796E /* Debug */,
				DCE8ABD3280930780061796E /* Release */,
			);
			defaultConfigurationIsVisible = 0;
			defaultConfigurationName = Release;
		};
		DCE8ABD4280930780061796E /* Build configuration list for PBXNativeTarget "Survey" */ = {
			isa = XCConfigurationList;
			buildConfigurations = (
				DCE8ABD5280930780061796E /* Debug */,
				DCE8ABD6280930780061796E /* Release */,
			);
			defaultConfigurationIsVisible = 0;
			defaultConfigurationName = Release;
		};
		DCE8ABD7280930780061796E /* Build configuration list for PBXNativeTarget "SurveyTests" */ = {
			isa = XCConfigurationList;
			buildConfigurations = (
				DCE8ABD8280930780061796E /* Debug */,
				DCE8ABD9280930780061796E /* Release */,
			);
			defaultConfigurationIsVisible = 0;
			defaultConfigurationName = Release;
		};
		DCE8ABDA280930780061796E /* Build configuration list for PBXNativeTarget "SurveyUITests" */ = {
			isa = XCConfigurationList;
			buildConfigurations = (
				DCE8ABDB280930780061796E /* Debug */,
				DCE8ABDC280930780061796E /* Release */,
			);
			defaultConfigurationIsVisible = 0;
			defaultConfigurationName = Release;
		};
/* End XCConfigurationList section */
	};
	rootObject = DCE8ABA2280930760061796E /* Project object */;
}
