// !$*UTF8*$!
{
	archiveVersion = 1;
	classes = {
	};
	objectVersion = 51;
	objects = {

/* Begin PBXBuildFile section */
		1ED47E0E46FDA572923D07B2 /* Pods_Survey.framework in Frameworks */ = {isa = PBXBuildFile; fileRef = 9E409EEF1B5D6C2629A84A57 /* Pods_Survey.framework */; };
		B09F9B0953908C59441ABB8F /* Pods_SurveyTests.framework in Frameworks */ = {isa = PBXBuildFile; fileRef = E204353B734B6859EFCA2CA3 /* Pods_SurveyTests.framework */; };
		DC084FAD28098AE6007BDFDE /* UIImageView+Extension.swift in Sources */ = {isa = PBXBuildFile; fileRef = DC084FAC28098AE6007BDFDE /* UIImageView+Extension.swift */; };
		DC084FB5280AA04D007BDFDE /* UITextField+Extension.swift in Sources */ = {isa = PBXBuildFile; fileRef = DC084FB4280AA04D007BDFDE /* UITextField+Extension.swift */; };
		DC084FBA280AA060007BDFDE /* UIButton+Extension.swift in Sources */ = {isa = PBXBuildFile; fileRef = DC084FB9280AA060007BDFDE /* UIButton+Extension.swift */; };
		DC3056162812615A0098AA54 /* SurveyList.swift in Sources */ = {isa = PBXBuildFile; fileRef = DC3056152812615A0098AA54 /* SurveyList.swift */; };
		DC30561E281269530098AA54 /* HomePage.swift in Sources */ = {isa = PBXBuildFile; fileRef = DC30561D281269530098AA54 /* HomePage.swift */; };
		DC305634281275920098AA54 /* Profile.swift in Sources */ = {isa = PBXBuildFile; fileRef = DC305633281275920098AA54 /* Profile.swift */; };
		DC305639281292C40098AA54 /* SurveyListViewModel.swift in Sources */ = {isa = PBXBuildFile; fileRef = DC305638281292C40098AA54 /* SurveyListViewModel.swift */; };
		DC31F8C4280E5D8B007A5828 /* SurveyViewController.swift in Sources */ = {isa = PBXBuildFile; fileRef = DC31F8C3280E5D8B007A5828 /* SurveyViewController.swift */; };
		DC31F8D1280E6259007A5828 /* SurveyView.swift in Sources */ = {isa = PBXBuildFile; fileRef = DC31F8D0280E6259007A5828 /* SurveyView.swift */; };
		DC35B994280E750700C5B1E3 /* ThankYouViewController.swift in Sources */ = {isa = PBXBuildFile; fileRef = DC35B993280E750700C5B1E3 /* ThankYouViewController.swift */; };
		DC35B9AA280E772B00C5B1E3 /* checkMark.json in Resources */ = {isa = PBXBuildFile; fileRef = DC35B9A9280E772B00C5B1E3 /* checkMark.json */; };
		DC529706280FFF0000649462 /* NetworkManager.swift in Sources */ = {isa = PBXBuildFile; fileRef = DC529705280FFF0000649462 /* NetworkManager.swift */; };
		DC52970B280FFF5900649462 /* LoginViewModel.swift in Sources */ = {isa = PBXBuildFile; fileRef = DC52970A280FFF5900649462 /* LoginViewModel.swift */; };
		DC529710281001A800649462 /* CustomError.swift in Sources */ = {isa = PBXBuildFile; fileRef = DC52970F281001A800649462 /* CustomError.swift */; };
		DC5297152810026300649462 /* UserDefaultsManager.swift in Sources */ = {isa = PBXBuildFile; fileRef = DC5297142810026300649462 /* UserDefaultsManager.swift */; };
		DC93B70B280C4DC700FAE98C /* SplashViewController.swift in Sources */ = {isa = PBXBuildFile; fileRef = DC93B70A280C4DC700FAE98C /* SplashViewController.swift */; };
		DCE49E562811032D006D2638 /* ObservableObject.swift in Sources */ = {isa = PBXBuildFile; fileRef = DCE49E552811032D006D2638 /* ObservableObject.swift */; };
		DCE49E5E281143FB006D2638 /* NetworkManager+RequestInterceptor.swift in Sources */ = {isa = PBXBuildFile; fileRef = DCE49E5D281143FB006D2638 /* NetworkManager+RequestInterceptor.swift */; };
		DCE49E632811955E006D2638 /* HomeViewModel.swift in Sources */ = {isa = PBXBuildFile; fileRef = DCE49E622811955E006D2638 /* HomeViewModel.swift */; };
		DCE49E6828124103006D2638 /* APIClient.swift in Sources */ = {isa = PBXBuildFile; fileRef = DCE49E6728124103006D2638 /* APIClient.swift */; };
		DCE8ABAE280930760061796E /* AppDelegate.swift in Sources */ = {isa = PBXBuildFile; fileRef = DCE8ABAD280930760061796E /* AppDelegate.swift */; };
		DCE8ABB2280930760061796E /* LoginViewController.swift in Sources */ = {isa = PBXBuildFile; fileRef = DCE8ABB1280930760061796E /* LoginViewController.swift */; };
		DCE8ABB7280930780061796E /* Assets.xcassets in Resources */ = {isa = PBXBuildFile; fileRef = DCE8ABB6280930780061796E /* Assets.xcassets */; };
		DCE8ABBA280930780061796E /* LaunchScreen.storyboard in Resources */ = {isa = PBXBuildFile; fileRef = DCE8ABB8280930780061796E /* LaunchScreen.storyboard */; };
		DCE8ABC5280930780061796E /* SurveyTests.swift in Sources */ = {isa = PBXBuildFile; fileRef = DCE8ABC4280930780061796E /* SurveyTests.swift */; };
		DCE8ABD0280930780061796E /* SurveyUITests.swift in Sources */ = {isa = PBXBuildFile; fileRef = DCE8ABCF280930780061796E /* SurveyUITests.swift */; };
		DCE8ABF32809577E0061796E /* LoginView.swift in Sources */ = {isa = PBXBuildFile; fileRef = DCE8ABF22809577E0061796E /* LoginView.swift */; };
		DCF20271280DB52A00596BCB /* HomeViewController.swift in Sources */ = {isa = PBXBuildFile; fileRef = DCF20270280DB52A00596BCB /* HomeViewController.swift */; };
		DCF20276280DB93800596BCB /* HomeCollectionViewCell.swift in Sources */ = {isa = PBXBuildFile; fileRef = DCF20275280DB93800596BCB /* HomeCollectionViewCell.swift */; };
		FC108ED6DD6E4CB41404B390 /* Pods_Survey_SurveyUITests.framework in Frameworks */ = {isa = PBXBuildFile; fileRef = 12E509A5349D0072AECB7C36 /* Pods_Survey_SurveyUITests.framework */; };
/* End PBXBuildFile section */

/* Begin PBXContainerItemProxy section */
		DCE8ABC1280930780061796E /* PBXContainerItemProxy */ = {
			isa = PBXContainerItemProxy;
			containerPortal = DCE8ABA2280930760061796E /* Project object */;
			proxyType = 1;
			remoteGlobalIDString = DCE8ABA9280930760061796E;
			remoteInfo = Survey;
		};
		DCE8ABCC280930780061796E /* PBXContainerItemProxy */ = {
			isa = PBXContainerItemProxy;
			containerPortal = DCE8ABA2280930760061796E /* Project object */;
			proxyType = 1;
			remoteGlobalIDString = DCE8ABA9280930760061796E;
			remoteInfo = Survey;
		};
/* End PBXContainerItemProxy section */

/* Begin PBXFileReference section */
		12E509A5349D0072AECB7C36 /* Pods_Survey_SurveyUITests.framework */ = {isa = PBXFileReference; explicitFileType = wrapper.framework; includeInIndex = 0; path = Pods_Survey_SurveyUITests.framework; sourceTree = BUILT_PRODUCTS_DIR; };
		46FBF2EDB177EA920BC265BE /* Pods-Survey.release.xcconfig */ = {isa = PBXFileReference; includeInIndex = 1; lastKnownFileType = text.xcconfig; name = "Pods-Survey.release.xcconfig"; path = "Target Support Files/Pods-Survey/Pods-Survey.release.xcconfig"; sourceTree = "<group>"; };
		4F07A379EF7DF3B40386FEA9 /* Pods-SurveyTests.release.xcconfig */ = {isa = PBXFileReference; includeInIndex = 1; lastKnownFileType = text.xcconfig; name = "Pods-SurveyTests.release.xcconfig"; path = "Target Support Files/Pods-SurveyTests/Pods-SurveyTests.release.xcconfig"; sourceTree = "<group>"; };
		562DA2A5293331B0FB94B2A3 /* Pods-Survey-SurveyUITests.release.xcconfig */ = {isa = PBXFileReference; includeInIndex = 1; lastKnownFileType = text.xcconfig; name = "Pods-Survey-SurveyUITests.release.xcconfig"; path = "Target Support Files/Pods-Survey-SurveyUITests/Pods-Survey-SurveyUITests.release.xcconfig"; sourceTree = "<group>"; };
		833B050BA2801A4D17AD5242 /* Pods-Survey-SurveyUITests.debug.xcconfig */ = {isa = PBXFileReference; includeInIndex = 1; lastKnownFileType = text.xcconfig; name = "Pods-Survey-SurveyUITests.debug.xcconfig"; path = "Target Support Files/Pods-Survey-SurveyUITests/Pods-Survey-SurveyUITests.debug.xcconfig"; sourceTree = "<group>"; };
		9E409EEF1B5D6C2629A84A57 /* Pods_Survey.framework */ = {isa = PBXFileReference; explicitFileType = wrapper.framework; includeInIndex = 0; path = Pods_Survey.framework; sourceTree = BUILT_PRODUCTS_DIR; };
		BF52707C5227252E4FEE7996 /* Pods-SurveyTests.debug.xcconfig */ = {isa = PBXFileReference; includeInIndex = 1; lastKnownFileType = text.xcconfig; name = "Pods-SurveyTests.debug.xcconfig"; path = "Target Support Files/Pods-SurveyTests/Pods-SurveyTests.debug.xcconfig"; sourceTree = "<group>"; };
		C4EB711F6729F686FBAE6CBA /* Pods-Survey.debug.xcconfig */ = {isa = PBXFileReference; includeInIndex = 1; lastKnownFileType = text.xcconfig; name = "Pods-Survey.debug.xcconfig"; path = "Target Support Files/Pods-Survey/Pods-Survey.debug.xcconfig"; sourceTree = "<group>"; };
		DC084FAC28098AE6007BDFDE /* UIImageView+Extension.swift */ = {isa = PBXFileReference; lastKnownFileType = sourcecode.swift; path = "UIImageView+Extension.swift"; sourceTree = "<group>"; };
		DC084FB4280AA04D007BDFDE /* UITextField+Extension.swift */ = {isa = PBXFileReference; lastKnownFileType = sourcecode.swift; path = "UITextField+Extension.swift"; sourceTree = "<group>"; };
		DC084FB9280AA060007BDFDE /* UIButton+Extension.swift */ = {isa = PBXFileReference; lastKnownFileType = sourcecode.swift; path = "UIButton+Extension.swift"; sourceTree = "<group>"; };
		DC3056152812615A0098AA54 /* SurveyList.swift */ = {isa = PBXFileReference; lastKnownFileType = sourcecode.swift; path = SurveyList.swift; sourceTree = "<group>"; };
		DC30561D281269530098AA54 /* HomePage.swift */ = {isa = PBXFileReference; lastKnownFileType = sourcecode.swift; path = HomePage.swift; sourceTree = "<group>"; };
		DC305633281275920098AA54 /* Profile.swift */ = {isa = PBXFileReference; lastKnownFileType = sourcecode.swift; path = Profile.swift; sourceTree = "<group>"; };
		DC305638281292C40098AA54 /* SurveyListViewModel.swift */ = {isa = PBXFileReference; lastKnownFileType = sourcecode.swift; path = SurveyListViewModel.swift; sourceTree = "<group>"; };
		DC31F8C3280E5D8B007A5828 /* SurveyViewController.swift */ = {isa = PBXFileReference; lastKnownFileType = sourcecode.swift; path = SurveyViewController.swift; sourceTree = "<group>"; };
		DC31F8D0280E6259007A5828 /* SurveyView.swift */ = {isa = PBXFileReference; lastKnownFileType = sourcecode.swift; path = SurveyView.swift; sourceTree = "<group>"; };
		DC35B993280E750700C5B1E3 /* ThankYouViewController.swift */ = {isa = PBXFileReference; lastKnownFileType = sourcecode.swift; path = ThankYouViewController.swift; sourceTree = "<group>"; };
		DC35B9A9280E772B00C5B1E3 /* checkMark.json */ = {isa = PBXFileReference; fileEncoding = 4; lastKnownFileType = text.json; path = checkMark.json; sourceTree = "<group>"; };
		DC529705280FFF0000649462 /* NetworkManager.swift */ = {isa = PBXFileReference; lastKnownFileType = sourcecode.swift; path = NetworkManager.swift; sourceTree = "<group>"; };
		DC52970A280FFF5900649462 /* LoginViewModel.swift */ = {isa = PBXFileReference; lastKnownFileType = sourcecode.swift; path = LoginViewModel.swift; sourceTree = "<group>"; };
		DC52970F281001A800649462 /* CustomError.swift */ = {isa = PBXFileReference; lastKnownFileType = sourcecode.swift; path = CustomError.swift; sourceTree = "<group>"; };
		DC5297142810026300649462 /* UserDefaultsManager.swift */ = {isa = PBXFileReference; lastKnownFileType = sourcecode.swift; path = UserDefaultsManager.swift; sourceTree = "<group>"; };
		DC93B70A280C4DC700FAE98C /* SplashViewController.swift */ = {isa = PBXFileReference; lastKnownFileType = sourcecode.swift; path = SplashViewController.swift; sourceTree = "<group>"; };
		DCE49E552811032D006D2638 /* ObservableObject.swift */ = {isa = PBXFileReference; lastKnownFileType = sourcecode.swift; path = ObservableObject.swift; sourceTree = "<group>"; };
		DCE49E5D281143FB006D2638 /* NetworkManager+RequestInterceptor.swift */ = {isa = PBXFileReference; lastKnownFileType = sourcecode.swift; path = "NetworkManager+RequestInterceptor.swift"; sourceTree = "<group>"; };
		DCE49E622811955E006D2638 /* HomeViewModel.swift */ = {isa = PBXFileReference; lastKnownFileType = sourcecode.swift; path = HomeViewModel.swift; sourceTree = "<group>"; };
		DCE49E6728124103006D2638 /* APIClient.swift */ = {isa = PBXFileReference; lastKnownFileType = sourcecode.swift; path = APIClient.swift; sourceTree = "<group>"; };
		DCE8ABAA280930760061796E /* Survey.app */ = {isa = PBXFileReference; explicitFileType = wrapper.application; includeInIndex = 0; path = Survey.app; sourceTree = BUILT_PRODUCTS_DIR; };
		DCE8ABAD280930760061796E /* AppDelegate.swift */ = {isa = PBXFileReference; lastKnownFileType = sourcecode.swift; path = AppDelegate.swift; sourceTree = "<group>"; };
		DCE8ABB1280930760061796E /* LoginViewController.swift */ = {isa = PBXFileReference; lastKnownFileType = sourcecode.swift; path = LoginViewController.swift; sourceTree = "<group>"; };
		DCE8ABB6280930780061796E /* Assets.xcassets */ = {isa = PBXFileReference; lastKnownFileType = folder.assetcatalog; path = Assets.xcassets; sourceTree = "<group>"; };
		DCE8ABB9280930780061796E /* Base */ = {isa = PBXFileReference; lastKnownFileType = file.storyboard; name = Base; path = Base.lproj/LaunchScreen.storyboard; sourceTree = "<group>"; };
		DCE8ABBB280930780061796E /* Info.plist */ = {isa = PBXFileReference; lastKnownFileType = text.plist.xml; path = Info.plist; sourceTree = "<group>"; };
		DCE8ABC0280930780061796E /* SurveyTests.xctest */ = {isa = PBXFileReference; explicitFileType = wrapper.cfbundle; includeInIndex = 0; path = SurveyTests.xctest; sourceTree = BUILT_PRODUCTS_DIR; };
		DCE8ABC4280930780061796E /* SurveyTests.swift */ = {isa = PBXFileReference; lastKnownFileType = sourcecode.swift; path = SurveyTests.swift; sourceTree = "<group>"; };
		DCE8ABC6280930780061796E /* Info.plist */ = {isa = PBXFileReference; lastKnownFileType = text.plist.xml; path = Info.plist; sourceTree = "<group>"; };
		DCE8ABCB280930780061796E /* SurveyUITests.xctest */ = {isa = PBXFileReference; explicitFileType = wrapper.cfbundle; includeInIndex = 0; path = SurveyUITests.xctest; sourceTree = BUILT_PRODUCTS_DIR; };
		DCE8ABCF280930780061796E /* SurveyUITests.swift */ = {isa = PBXFileReference; lastKnownFileType = sourcecode.swift; path = SurveyUITests.swift; sourceTree = "<group>"; };
		DCE8ABD1280930780061796E /* Info.plist */ = {isa = PBXFileReference; lastKnownFileType = text.plist.xml; path = Info.plist; sourceTree = "<group>"; };
		DCE8ABF22809577E0061796E /* LoginView.swift */ = {isa = PBXFileReference; lastKnownFileType = sourcecode.swift; path = LoginView.swift; sourceTree = "<group>"; };
		DCF20270280DB52A00596BCB /* HomeViewController.swift */ = {isa = PBXFileReference; lastKnownFileType = sourcecode.swift; path = HomeViewController.swift; sourceTree = "<group>"; };
		DCF20275280DB93800596BCB /* HomeCollectionViewCell.swift */ = {isa = PBXFileReference; lastKnownFileType = sourcecode.swift; path = HomeCollectionViewCell.swift; sourceTree = "<group>"; };
		E204353B734B6859EFCA2CA3 /* Pods_SurveyTests.framework */ = {isa = PBXFileReference; explicitFileType = wrapper.framework; includeInIndex = 0; path = Pods_SurveyTests.framework; sourceTree = BUILT_PRODUCTS_DIR; };
/* End PBXFileReference section */

/* Begin PBXFrameworksBuildPhase section */
		DCE8ABA7280930760061796E /* Frameworks */ = {
			isa = PBXFrameworksBuildPhase;
			buildActionMask = 2147483647;
			files = (
				1ED47E0E46FDA572923D07B2 /* Pods_Survey.framework in Frameworks */,
			);
			runOnlyForDeploymentPostprocessing = 0;
		};
		DCE8ABBD280930780061796E /* Frameworks */ = {
			isa = PBXFrameworksBuildPhase;
			buildActionMask = 2147483647;
			files = (
				B09F9B0953908C59441ABB8F /* Pods_SurveyTests.framework in Frameworks */,
			);
			runOnlyForDeploymentPostprocessing = 0;
		};
		DCE8ABC8280930780061796E /* Frameworks */ = {
			isa = PBXFrameworksBuildPhase;
			buildActionMask = 2147483647;
			files = (
				FC108ED6DD6E4CB41404B390 /* Pods_Survey_SurveyUITests.framework in Frameworks */,
			);
			runOnlyForDeploymentPostprocessing = 0;
		};
/* End PBXFrameworksBuildPhase section */

/* Begin PBXGroup section */
		92B60B717B8D60B3B99A3909 /* Frameworks */ = {
			isa = PBXGroup;
			children = (
				9E409EEF1B5D6C2629A84A57 /* Pods_Survey.framework */,
				12E509A5349D0072AECB7C36 /* Pods_Survey_SurveyUITests.framework */,
				E204353B734B6859EFCA2CA3 /* Pods_SurveyTests.framework */,
			);
			name = Frameworks;
			sourceTree = "<group>";
		};
		A6474F64E394A7B148175524 /* Pods */ = {
			isa = PBXGroup;
			children = (
				C4EB711F6729F686FBAE6CBA /* Pods-Survey.debug.xcconfig */,
				46FBF2EDB177EA920BC265BE /* Pods-Survey.release.xcconfig */,
				833B050BA2801A4D17AD5242 /* Pods-Survey-SurveyUITests.debug.xcconfig */,
				562DA2A5293331B0FB94B2A3 /* Pods-Survey-SurveyUITests.release.xcconfig */,
				BF52707C5227252E4FEE7996 /* Pods-SurveyTests.debug.xcconfig */,
				4F07A379EF7DF3B40386FEA9 /* Pods-SurveyTests.release.xcconfig */,
			);
			path = Pods;
			sourceTree = "<group>";
		};
		DC084FBE280AA134007BDFDE /* Extension */ = {
			isa = PBXGroup;
			children = (
				DC35B9A9280E772B00C5B1E3 /* checkMark.json */,
				DC084FAC28098AE6007BDFDE /* UIImageView+Extension.swift */,
				DC084FB4280AA04D007BDFDE /* UITextField+Extension.swift */,
				DC084FB9280AA060007BDFDE /* UIButton+Extension.swift */,
			);
			path = Extension;
			sourceTree = "<group>";
		};
		DC31F8CE280E61BE007A5828 /* Views */ = {
			isa = PBXGroup;
			children = (
				DC35B9BD280F106200C5B1E3 /* Thankyou */,
				DC35B9BC280F105500C5B1E3 /* Survey */,
				DC35B9BB280F104C00C5B1E3 /* Home */,
				DC35B9BA280F103E00C5B1E3 /* Splash */,
			);
			path = Views;
			sourceTree = "<group>";
		};
		DC31F8CF280E61D1007A5828 /* Models */ = {
			isa = PBXGroup;
			children = (
				DC52970F281001A800649462 /* CustomError.swift */,
				DC3056152812615A0098AA54 /* SurveyList.swift */,
				DC305633281275920098AA54 /* Profile.swift */,
				DC305638281292C40098AA54 /* SurveyListViewModel.swift */,
				DC30561D281269530098AA54 /* HomePage.swift */,
			);
			path = Models;
			sourceTree = "<group>";
		};
		DC35B9B9280F103600C5B1E3 /* Login */ = {
			isa = PBXGroup;
			children = (
				DCE8ABF22809577E0061796E /* LoginView.swift */,
				DCE8ABB1280930760061796E /* LoginViewController.swift */,
				DC52970A280FFF5900649462 /* LoginViewModel.swift */,
			);
			path = Login;
			sourceTree = "<group>";
		};
		DC35B9BA280F103E00C5B1E3 /* Splash */ = {
			isa = PBXGroup;
			children = (
				DC93B70A280C4DC700FAE98C /* SplashViewController.swift */,
			);
			path = Splash;
			sourceTree = "<group>";
		};
		DC35B9BB280F104C00C5B1E3 /* Home */ = {
			isa = PBXGroup;
			children = (
				DCF20270280DB52A00596BCB /* HomeViewController.swift */,
				DCF20275280DB93800596BCB /* HomeCollectionViewCell.swift */,
				DCE49E622811955E006D2638 /* HomeViewModel.swift */,
			);
			path = Home;
			sourceTree = "<group>";
		};
		DC35B9BC280F105500C5B1E3 /* Survey */ = {
			isa = PBXGroup;
			children = (
				DC31F8C3280E5D8B007A5828 /* SurveyViewController.swift */,
				DC31F8D0280E6259007A5828 /* SurveyView.swift */,
			);
			path = Survey;
			sourceTree = "<group>";
		};
		DC35B9BD280F106200C5B1E3 /* Thankyou */ = {
			isa = PBXGroup;
			children = (
				DC35B993280E750700C5B1E3 /* ThankYouViewController.swift */,
			);
			path = Thankyou;
			sourceTree = "<group>";
		};
		DC529704280FFEDE00649462 /* Managers */ = {
			isa = PBXGroup;
			children = (
				DC529705280FFF0000649462 /* NetworkManager.swift */,
				DC5297142810026300649462 /* UserDefaultsManager.swift */,
				DCE49E552811032D006D2638 /* ObservableObject.swift */,
				DCE49E5D281143FB006D2638 /* NetworkManager+RequestInterceptor.swift */,
				DCE49E6728124103006D2638 /* APIClient.swift */,
			);
			path = Managers;
			sourceTree = "<group>";
		};
		DCE8ABA1280930760061796E = {
			isa = PBXGroup;
			children = (
				DCE8ABAC280930760061796E /* Survey */,
				DCE8ABC3280930780061796E /* SurveyTests */,
				DCE8ABCE280930780061796E /* SurveyUITests */,
				DCE8ABAB280930760061796E /* Products */,
				A6474F64E394A7B148175524 /* Pods */,
				92B60B717B8D60B3B99A3909 /* Frameworks */,
			);
			sourceTree = "<group>";
		};
		DCE8ABAB280930760061796E /* Products */ = {
			isa = PBXGroup;
			children = (
				DCE8ABAA280930760061796E /* Survey.app */,
				DCE8ABC0280930780061796E /* SurveyTests.xctest */,
				DCE8ABCB280930780061796E /* SurveyUITests.xctest */,
			);
			name = Products;
			sourceTree = "<group>";
		};
		DCE8ABAC280930760061796E /* Survey */ = {
			isa = PBXGroup;
			children = (
				DC529704280FFEDE00649462 /* Managers */,
				DC35B9B9280F103600C5B1E3 /* Login */,
				DC31F8CF280E61D1007A5828 /* Models */,
				DC31F8CE280E61BE007A5828 /* Views */,
				DC084FBE280AA134007BDFDE /* Extension */,
				DCE8ABB6280930780061796E /* Assets.xcassets */,
				DCE8ABAD280930760061796E /* AppDelegate.swift */,
				DCE8ABB8280930780061796E /* LaunchScreen.storyboard */,
				DCE8ABBB280930780061796E /* Info.plist */,
			);
			path = Survey;
			sourceTree = "<group>";
		};
		DCE8ABC3280930780061796E /* SurveyTests */ = {
			isa = PBXGroup;
			children = (
				DCE8ABC4280930780061796E /* SurveyTests.swift */,
				DCE8ABC6280930780061796E /* Info.plist */,
			);
			path = SurveyTests;
			sourceTree = "<group>";
		};
		DCE8ABCE280930780061796E /* SurveyUITests */ = {
			isa = PBXGroup;
			children = (
				DCE8ABCF280930780061796E /* SurveyUITests.swift */,
				DCE8ABD1280930780061796E /* Info.plist */,
			);
			path = SurveyUITests;
			sourceTree = "<group>";
		};
/* End PBXGroup section */

/* Begin PBXNativeTarget section */
		DCE8ABA9280930760061796E /* Survey */ = {
			isa = PBXNativeTarget;
			buildConfigurationList = DCE8ABD4280930780061796E /* Build configuration list for PBXNativeTarget "Survey" */;
			buildPhases = (
				5257E58C59FDFCA9CA2B1A1E /* [CP] Check Pods Manifest.lock */,
				DCE8ABA6280930760061796E /* Sources */,
				DCE8ABA7280930760061796E /* Frameworks */,
				DCE8ABA8280930760061796E /* Resources */,
				FDE8F69C7790CE7C5C021A68 /* [CP] Embed Pods Frameworks */,
				DC5296F9280FAF4500649462 /* Run SwiftLint */,
			);
			buildRules = (
			);
			dependencies = (
			);
			name = Survey;
			productName = Survey;
			productReference = DCE8ABAA280930760061796E /* Survey.app */;
			productType = "com.apple.product-type.application";
		};
		DCE8ABBF280930780061796E /* SurveyTests */ = {
			isa = PBXNativeTarget;
			buildConfigurationList = DCE8ABD7280930780061796E /* Build configuration list for PBXNativeTarget "SurveyTests" */;
			buildPhases = (
				18635FFC6E91C9A8BDE8FE05 /* [CP] Check Pods Manifest.lock */,
				DCE8ABBC280930780061796E /* Sources */,
				DCE8ABBD280930780061796E /* Frameworks */,
				DCE8ABBE280930780061796E /* Resources */,
			);
			buildRules = (
			);
			dependencies = (
				DCE8ABC2280930780061796E /* PBXTargetDependency */,
			);
			name = SurveyTests;
			productName = SurveyTests;
			productReference = DCE8ABC0280930780061796E /* SurveyTests.xctest */;
			productType = "com.apple.product-type.bundle.unit-test";
		};
		DCE8ABCA280930780061796E /* SurveyUITests */ = {
			isa = PBXNativeTarget;
			buildConfigurationList = DCE8ABDA280930780061796E /* Build configuration list for PBXNativeTarget "SurveyUITests" */;
			buildPhases = (
				F5FA2011743272E4D013A88C /* [CP] Check Pods Manifest.lock */,
				DCE8ABC7280930780061796E /* Sources */,
				DCE8ABC8280930780061796E /* Frameworks */,
				DCE8ABC9280930780061796E /* Resources */,
				DD23FB60CACF8138CBA85A18 /* [CP] Embed Pods Frameworks */,
			);
			buildRules = (
			);
			dependencies = (
				DCE8ABCD280930780061796E /* PBXTargetDependency */,
			);
			name = SurveyUITests;
			productName = SurveyUITests;
			productReference = DCE8ABCB280930780061796E /* SurveyUITests.xctest */;
			productType = "com.apple.product-type.bundle.ui-testing";
		};
/* End PBXNativeTarget section */

/* Begin PBXProject section */
		DCE8ABA2280930760061796E /* Project object */ = {
			isa = PBXProject;
			attributes = {
				LastSwiftUpdateCheck = 1240;
				LastUpgradeCheck = 1240;
				TargetAttributes = {
					DCE8ABA9280930760061796E = {
						CreatedOnToolsVersion = 12.4;
					};
					DCE8ABBF280930780061796E = {
						CreatedOnToolsVersion = 12.4;
						TestTargetID = DCE8ABA9280930760061796E;
					};
					DCE8ABCA280930780061796E = {
						CreatedOnToolsVersion = 12.4;
						TestTargetID = DCE8ABA9280930760061796E;
					};
				};
			};
			buildConfigurationList = DCE8ABA5280930760061796E /* Build configuration list for PBXProject "Survey" */;
			compatibilityVersion = "Xcode 9.3";
			developmentRegion = en;
			hasScannedForEncodings = 0;
			knownRegions = (
				en,
				Base,
			);
			mainGroup = DCE8ABA1280930760061796E;
			productRefGroup = DCE8ABAB280930760061796E /* Products */;
			projectDirPath = "";
			projectRoot = "";
			targets = (
				DCE8ABA9280930760061796E /* Survey */,
				DCE8ABBF280930780061796E /* SurveyTests */,
				DCE8ABCA280930780061796E /* SurveyUITests */,
			);
		};
/* End PBXProject section */

/* Begin PBXResourcesBuildPhase section */
		DCE8ABA8280930760061796E /* Resources */ = {
			isa = PBXResourcesBuildPhase;
			buildActionMask = 2147483647;
			files = (
				DCE8ABBA280930780061796E /* LaunchScreen.storyboard in Resources */,
				DCE8ABB7280930780061796E /* Assets.xcassets in Resources */,
				DC35B9AA280E772B00C5B1E3 /* checkMark.json in Resources */,
			);
			runOnlyForDeploymentPostprocessing = 0;
		};
		DCE8ABBE280930780061796E /* Resources */ = {
			isa = PBXResourcesBuildPhase;
			buildActionMask = 2147483647;
			files = (
			);
			runOnlyForDeploymentPostprocessing = 0;
		};
		DCE8ABC9280930780061796E /* Resources */ = {
			isa = PBXResourcesBuildPhase;
			buildActionMask = 2147483647;
			files = (
			);
			runOnlyForDeploymentPostprocessing = 0;
		};
/* End PBXResourcesBuildPhase section */

/* Begin PBXShellScriptBuildPhase section */
		18635FFC6E91C9A8BDE8FE05 /* [CP] Check Pods Manifest.lock */ = {
			isa = PBXShellScriptBuildPhase;
			buildActionMask = 2147483647;
			files = (
			);
			inputFileListPaths = (
			);
			inputPaths = (
				"${PODS_PODFILE_DIR_PATH}/Podfile.lock",
				"${PODS_ROOT}/Manifest.lock",
			);
			name = "[CP] Check Pods Manifest.lock";
			outputFileListPaths = (
			);
			outputPaths = (
				"$(DERIVED_FILE_DIR)/Pods-SurveyTests-checkManifestLockResult.txt",
			);
			runOnlyForDeploymentPostprocessing = 0;
			shellPath = /bin/sh;
			shellScript = "diff \"${PODS_PODFILE_DIR_PATH}/Podfile.lock\" \"${PODS_ROOT}/Manifest.lock\" > /dev/null\nif [ $? != 0 ] ; then\n    # print error to STDERR\n    echo \"error: The sandbox is not in sync with the Podfile.lock. Run 'pod install' or update your CocoaPods installation.\" >&2\n    exit 1\nfi\n# This output is used by Xcode 'outputs' to avoid re-running this script phase.\necho \"SUCCESS\" > \"${SCRIPT_OUTPUT_FILE_0}\"\n";
			showEnvVarsInLog = 0;
		};
		5257E58C59FDFCA9CA2B1A1E /* [CP] Check Pods Manifest.lock */ = {
			isa = PBXShellScriptBuildPhase;
			buildActionMask = 2147483647;
			files = (
			);
			inputFileListPaths = (
			);
			inputPaths = (
				"${PODS_PODFILE_DIR_PATH}/Podfile.lock",
				"${PODS_ROOT}/Manifest.lock",
			);
			name = "[CP] Check Pods Manifest.lock";
			outputFileListPaths = (
			);
			outputPaths = (
				"$(DERIVED_FILE_DIR)/Pods-Survey-checkManifestLockResult.txt",
			);
			runOnlyForDeploymentPostprocessing = 0;
			shellPath = /bin/sh;
			shellScript = "diff \"${PODS_PODFILE_DIR_PATH}/Podfile.lock\" \"${PODS_ROOT}/Manifest.lock\" > /dev/null\nif [ $? != 0 ] ; then\n    # print error to STDERR\n    echo \"error: The sandbox is not in sync with the Podfile.lock. Run 'pod install' or update your CocoaPods installation.\" >&2\n    exit 1\nfi\n# This output is used by Xcode 'outputs' to avoid re-running this script phase.\necho \"SUCCESS\" > \"${SCRIPT_OUTPUT_FILE_0}\"\n";
			showEnvVarsInLog = 0;
		};
		DC5296F9280FAF4500649462 /* Run SwiftLint */ = {
			isa = PBXShellScriptBuildPhase;
			buildActionMask = 2147483647;
			files = (
			);
			inputFileListPaths = (
			);
			inputPaths = (
			);
			name = "Run SwiftLint";
			outputFileListPaths = (
			);
			outputPaths = (
			);
			runOnlyForDeploymentPostprocessing = 0;
			shellPath = /bin/sh;
			shellScript = "export PATH=\"$PATH:/opt/homebrew/bin\"\n\nif which swiftlint > /dev/null; then\n  swiftlint\nelse\n  echo \"warning: SwiftLint not installed, download from https://github.com/realm/SwiftLint\"\nfi\n";
		};
		DD23FB60CACF8138CBA85A18 /* [CP] Embed Pods Frameworks */ = {
			isa = PBXShellScriptBuildPhase;
			buildActionMask = 2147483647;
			files = (
			);
			inputFileListPaths = (
				"${PODS_ROOT}/Target Support Files/Pods-Survey-SurveyUITests/Pods-Survey-SurveyUITests-frameworks-${CONFIGURATION}-input-files.xcfilelist",
			);
			name = "[CP] Embed Pods Frameworks";
			outputFileListPaths = (
				"${PODS_ROOT}/Target Support Files/Pods-Survey-SurveyUITests/Pods-Survey-SurveyUITests-frameworks-${CONFIGURATION}-output-files.xcfilelist",
			);
			runOnlyForDeploymentPostprocessing = 0;
			shellPath = /bin/sh;
			shellScript = "\"${PODS_ROOT}/Target Support Files/Pods-Survey-SurveyUITests/Pods-Survey-SurveyUITests-frameworks.sh\"\n";
			showEnvVarsInLog = 0;
		};
		F5FA2011743272E4D013A88C /* [CP] Check Pods Manifest.lock */ = {
			isa = PBXShellScriptBuildPhase;
			buildActionMask = 2147483647;
			files = (
			);
			inputFileListPaths = (
			);
			inputPaths = (
				"${PODS_PODFILE_DIR_PATH}/Podfile.lock",
				"${PODS_ROOT}/Manifest.lock",
			);
			name = "[CP] Check Pods Manifest.lock";
			outputFileListPaths = (
			);
			outputPaths = (
				"$(DERIVED_FILE_DIR)/Pods-Survey-SurveyUITests-checkManifestLockResult.txt",
			);
			runOnlyForDeploymentPostprocessing = 0;
			shellPath = /bin/sh;
			shellScript = "diff \"${PODS_PODFILE_DIR_PATH}/Podfile.lock\" \"${PODS_ROOT}/Manifest.lock\" > /dev/null\nif [ $? != 0 ] ; then\n    # print error to STDERR\n    echo \"error: The sandbox is not in sync with the Podfile.lock. Run 'pod install' or update your CocoaPods installation.\" >&2\n    exit 1\nfi\n# This output is used by Xcode 'outputs' to avoid re-running this script phase.\necho \"SUCCESS\" > \"${SCRIPT_OUTPUT_FILE_0}\"\n";
			showEnvVarsInLog = 0;
		};
		FDE8F69C7790CE7C5C021A68 /* [CP] Embed Pods Frameworks */ = {
			isa = PBXShellScriptBuildPhase;
			buildActionMask = 2147483647;
			files = (
			);
			inputFileListPaths = (
				"${PODS_ROOT}/Target Support Files/Pods-Survey/Pods-Survey-frameworks-${CONFIGURATION}-input-files.xcfilelist",
			);
			name = "[CP] Embed Pods Frameworks";
			outputFileListPaths = (
				"${PODS_ROOT}/Target Support Files/Pods-Survey/Pods-Survey-frameworks-${CONFIGURATION}-output-files.xcfilelist",
			);
			runOnlyForDeploymentPostprocessing = 0;
			shellPath = /bin/sh;
			shellScript = "\"${PODS_ROOT}/Target Support Files/Pods-Survey/Pods-Survey-frameworks.sh\"\n";
			showEnvVarsInLog = 0;
		};
/* End PBXShellScriptBuildPhase section */

/* Begin PBXSourcesBuildPhase section */
		DCE8ABA6280930760061796E /* Sources */ = {
			isa = PBXSourcesBuildPhase;
			buildActionMask = 2147483647;
			files = (
				DCF20271280DB52A00596BCB /* HomeViewController.swift in Sources */,
				DC30561E281269530098AA54 /* HomePage.swift in Sources */,
				DC529710281001A800649462 /* CustomError.swift in Sources */,
				DC305634281275920098AA54 /* Profile.swift in Sources */,
				DC5297152810026300649462 /* UserDefaultsManager.swift in Sources */,
				DCE49E632811955E006D2638 /* HomeViewModel.swift in Sources */,
				DCE49E5E281143FB006D2638 /* NetworkManager+RequestInterceptor.swift in Sources */,
				DC084FB5280AA04D007BDFDE /* UITextField+Extension.swift in Sources */,
				DCE8ABF32809577E0061796E /* LoginView.swift in Sources */,
				DCE8ABB2280930760061796E /* LoginViewController.swift in Sources */,
				DCE49E6828124103006D2638 /* APIClient.swift in Sources */,
				DC3056162812615A0098AA54 /* SurveyList.swift in Sources */,
				DC93B70B280C4DC700FAE98C /* SplashViewController.swift in Sources */,
				DCF20276280DB93800596BCB /* HomeCollectionViewCell.swift in Sources */,
				DCE8ABAE280930760061796E /* AppDelegate.swift in Sources */,
				DC52970B280FFF5900649462 /* LoginViewModel.swift in Sources */,
				DC31F8D1280E6259007A5828 /* SurveyView.swift in Sources */,
				DC084FAD28098AE6007BDFDE /* UIImageView+Extension.swift in Sources */,
				DC305639281292C40098AA54 /* SurveyListViewModel.swift in Sources */,
				DC529706280FFF0000649462 /* NetworkManager.swift in Sources */,
				DC31F8C4280E5D8B007A5828 /* SurveyViewController.swift in Sources */,
				DC084FBA280AA060007BDFDE /* UIButton+Extension.swift in Sources */,
				DC35B994280E750700C5B1E3 /* ThankYouViewController.swift in Sources */,
				DCE49E562811032D006D2638 /* ObservableObject.swift in Sources */,
			);
			runOnlyForDeploymentPostprocessing = 0;
		};
		DCE8ABBC280930780061796E /* Sources */ = {
			isa = PBXSourcesBuildPhase;
			buildActionMask = 2147483647;
			files = (
				DCE8ABC5280930780061796E /* SurveyTests.swift in Sources */,
			);
			runOnlyForDeploymentPostprocessing = 0;
		};
		DCE8ABC7280930780061796E /* Sources */ = {
			isa = PBXSourcesBuildPhase;
			buildActionMask = 2147483647;
			files = (
				DCE8ABD0280930780061796E /* SurveyUITests.swift in Sources */,
			);
			runOnlyForDeploymentPostprocessing = 0;
		};
/* End PBXSourcesBuildPhase section */

/* Begin PBXTargetDependency section */
		DCE8ABC2280930780061796E /* PBXTargetDependency */ = {
			isa = PBXTargetDependency;
			target = DCE8ABA9280930760061796E /* Survey */;
			targetProxy = DCE8ABC1280930780061796E /* PBXContainerItemProxy */;
		};
		DCE8ABCD280930780061796E /* PBXTargetDependency */ = {
			isa = PBXTargetDependency;
			target = DCE8ABA9280930760061796E /* Survey */;
			targetProxy = DCE8ABCC280930780061796E /* PBXContainerItemProxy */;
		};
/* End PBXTargetDependency section */

/* Begin PBXVariantGroup section */
		DCE8ABB8280930780061796E /* LaunchScreen.storyboard */ = {
			isa = PBXVariantGroup;
			children = (
				DCE8ABB9280930780061796E /* Base */,
			);
			name = LaunchScreen.storyboard;
			sourceTree = "<group>";
		};
/* End PBXVariantGroup section */

/* Begin XCBuildConfiguration section */
		DCE8ABD2280930780061796E /* Debug */ = {
			isa = XCBuildConfiguration;
			buildSettings = {
				ALWAYS_SEARCH_USER_PATHS = NO;
				CLANG_ANALYZER_NONNULL = YES;
				CLANG_ANALYZER_NUMBER_OBJECT_CONVERSION = YES_AGGRESSIVE;
				CLANG_CXX_LANGUAGE_STANDARD = "gnu++14";
				CLANG_CXX_LIBRARY = "libc++";
				CLANG_ENABLE_MODULES = YES;
				CLANG_ENABLE_OBJC_ARC = YES;
				CLANG_ENABLE_OBJC_WEAK = YES;
				CLANG_WARN_BLOCK_CAPTURE_AUTORELEASING = YES;
				CLANG_WARN_BOOL_CONVERSION = YES;
				CLANG_WARN_COMMA = YES;
				CLANG_WARN_CONSTANT_CONVERSION = YES;
				CLANG_WARN_DEPRECATED_OBJC_IMPLEMENTATIONS = YES;
				CLANG_WARN_DIRECT_OBJC_ISA_USAGE = YES_ERROR;
				CLANG_WARN_DOCUMENTATION_COMMENTS = YES;
				CLANG_WARN_EMPTY_BODY = YES;
				CLANG_WARN_ENUM_CONVERSION = YES;
				CLANG_WARN_INFINITE_RECURSION = YES;
				CLANG_WARN_INT_CONVERSION = YES;
				CLANG_WARN_NON_LITERAL_NULL_CONVERSION = YES;
				CLANG_WARN_OBJC_IMPLICIT_RETAIN_SELF = YES;
				CLANG_WARN_OBJC_LITERAL_CONVERSION = YES;
				CLANG_WARN_OBJC_ROOT_CLASS = YES_ERROR;
				CLANG_WARN_QUOTED_INCLUDE_IN_FRAMEWORK_HEADER = YES;
				CLANG_WARN_RANGE_LOOP_ANALYSIS = YES;
				CLANG_WARN_STRICT_PROTOTYPES = YES;
				CLANG_WARN_SUSPICIOUS_MOVE = YES;
				CLANG_WARN_UNGUARDED_AVAILABILITY = YES_AGGRESSIVE;
				CLANG_WARN_UNREACHABLE_CODE = YES;
				CLANG_WARN__DUPLICATE_METHOD_MATCH = YES;
				COPY_PHASE_STRIP = NO;
				DEBUG_INFORMATION_FORMAT = dwarf;
				ENABLE_STRICT_OBJC_MSGSEND = YES;
				ENABLE_TESTABILITY = YES;
				GCC_C_LANGUAGE_STANDARD = gnu11;
				GCC_DYNAMIC_NO_PIC = NO;
				GCC_NO_COMMON_BLOCKS = YES;
				GCC_OPTIMIZATION_LEVEL = 0;
				GCC_PREPROCESSOR_DEFINITIONS = (
					"DEBUG=1",
					"$(inherited)",
				);
				GCC_WARN_64_TO_32_BIT_CONVERSION = YES;
				GCC_WARN_ABOUT_RETURN_TYPE = YES_ERROR;
				GCC_WARN_UNDECLARED_SELECTOR = YES;
				GCC_WARN_UNINITIALIZED_AUTOS = YES_AGGRESSIVE;
				GCC_WARN_UNUSED_FUNCTION = YES;
				GCC_WARN_UNUSED_VARIABLE = YES;
				IPHONEOS_DEPLOYMENT_TARGET = 14.4;
				MTL_ENABLE_DEBUG_INFO = INCLUDE_SOURCE;
				MTL_FAST_MATH = YES;
				ONLY_ACTIVE_ARCH = YES;
				SDKROOT = iphoneos;
				SWIFT_ACTIVE_COMPILATION_CONDITIONS = DEBUG;
				SWIFT_OPTIMIZATION_LEVEL = "-Onone";
			};
			name = Debug;
		};
		DCE8ABD3280930780061796E /* Release */ = {
			isa = XCBuildConfiguration;
			buildSettings = {
				ALWAYS_SEARCH_USER_PATHS = NO;
				CLANG_ANALYZER_NONNULL = YES;
				CLANG_ANALYZER_NUMBER_OBJECT_CONVERSION = YES_AGGRESSIVE;
				CLANG_CXX_LANGUAGE_STANDARD = "gnu++14";
				CLANG_CXX_LIBRARY = "libc++";
				CLANG_ENABLE_MODULES = YES;
				CLANG_ENABLE_OBJC_ARC = YES;
				CLANG_ENABLE_OBJC_WEAK = YES;
				CLANG_WARN_BLOCK_CAPTURE_AUTORELEASING = YES;
				CLANG_WARN_BOOL_CONVERSION = YES;
				CLANG_WARN_COMMA = YES;
				CLANG_WARN_CONSTANT_CONVERSION = YES;
				CLANG_WARN_DEPRECATED_OBJC_IMPLEMENTATIONS = YES;
				CLANG_WARN_DIRECT_OBJC_ISA_USAGE = YES_ERROR;
				CLANG_WARN_DOCUMENTATION_COMMENTS = YES;
				CLANG_WARN_EMPTY_BODY = YES;
				CLANG_WARN_ENUM_CONVERSION = YES;
				CLANG_WARN_INFINITE_RECURSION = YES;
				CLANG_WARN_INT_CONVERSION = YES;
				CLANG_WARN_NON_LITERAL_NULL_CONVERSION = YES;
				CLANG_WARN_OBJC_IMPLICIT_RETAIN_SELF = YES;
				CLANG_WARN_OBJC_LITERAL_CONVERSION = YES;
				CLANG_WARN_OBJC_ROOT_CLASS = YES_ERROR;
				CLANG_WARN_QUOTED_INCLUDE_IN_FRAMEWORK_HEADER = YES;
				CLANG_WARN_RANGE_LOOP_ANALYSIS = YES;
				CLANG_WARN_STRICT_PROTOTYPES = YES;
				CLANG_WARN_SUSPICIOUS_MOVE = YES;
				CLANG_WARN_UNGUARDED_AVAILABILITY = YES_AGGRESSIVE;
				CLANG_WARN_UNREACHABLE_CODE = YES;
				CLANG_WARN__DUPLICATE_METHOD_MATCH = YES;
				COPY_PHASE_STRIP = NO;
				DEBUG_INFORMATION_FORMAT = "dwarf-with-dsym";
				ENABLE_NS_ASSERTIONS = NO;
				ENABLE_STRICT_OBJC_MSGSEND = YES;
				GCC_C_LANGUAGE_STANDARD = gnu11;
				GCC_NO_COMMON_BLOCKS = YES;
				GCC_WARN_64_TO_32_BIT_CONVERSION = YES;
				GCC_WARN_ABOUT_RETURN_TYPE = YES_ERROR;
				GCC_WARN_UNDECLARED_SELECTOR = YES;
				GCC_WARN_UNINITIALIZED_AUTOS = YES_AGGRESSIVE;
				GCC_WARN_UNUSED_FUNCTION = YES;
				GCC_WARN_UNUSED_VARIABLE = YES;
				IPHONEOS_DEPLOYMENT_TARGET = 14.4;
				MTL_ENABLE_DEBUG_INFO = NO;
				MTL_FAST_MATH = YES;
				SDKROOT = iphoneos;
				SWIFT_COMPILATION_MODE = wholemodule;
				SWIFT_OPTIMIZATION_LEVEL = "-O";
				VALIDATE_PRODUCT = YES;
			};
			name = Release;
		};
		DCE8ABD5280930780061796E /* Debug */ = {
			isa = XCBuildConfiguration;
			baseConfigurationReference = C4EB711F6729F686FBAE6CBA /* Pods-Survey.debug.xcconfig */;
			buildSettings = {
				ASSETCATALOG_COMPILER_APPICON_NAME = AppIcon;
				ASSETCATALOG_COMPILER_GLOBAL_ACCENT_COLOR_NAME = AccentColor;
				CODE_SIGN_STYLE = Automatic;
				DEVELOPMENT_TEAM = 9786TSAYF2;
				INFOPLIST_FILE = Survey/Info.plist;
				IPHONEOS_DEPLOYMENT_TARGET = 10.0;
				LD_RUNPATH_SEARCH_PATHS = (
					"$(inherited)",
					"@executable_path/Frameworks",
				);
				PRODUCT_BUNDLE_IDENTIFIER = Kamonpan.Survey;
				PRODUCT_NAME = "$(TARGET_NAME)";
				SWIFT_VERSION = 5.0;
				TARGETED_DEVICE_FAMILY = "1,2";
			};
			name = Debug;
		};
		DCE8ABD6280930780061796E /* Release */ = {
			isa = XCBuildConfiguration;
			baseConfigurationReference = 46FBF2EDB177EA920BC265BE /* Pods-Survey.release.xcconfig */;
			buildSettings = {
				ASSETCATALOG_COMPILER_APPICON_NAME = AppIcon;
				ASSETCATALOG_COMPILER_GLOBAL_ACCENT_COLOR_NAME = AccentColor;
				CODE_SIGN_STYLE = Automatic;
				DEVELOPMENT_TEAM = 9786TSAYF2;
				INFOPLIST_FILE = Survey/Info.plist;
				IPHONEOS_DEPLOYMENT_TARGET = 10.0;
				LD_RUNPATH_SEARCH_PATHS = (
					"$(inherited)",
					"@executable_path/Frameworks",
				);
				PRODUCT_BUNDLE_IDENTIFIER = Kamonpan.Survey;
				PRODUCT_NAME = "$(TARGET_NAME)";
				SWIFT_VERSION = 5.0;
				TARGETED_DEVICE_FAMILY = "1,2";
			};
			name = Release;
		};
		DCE8ABD8280930780061796E /* Debug */ = {
			isa = XCBuildConfiguration;
			baseConfigurationReference = BF52707C5227252E4FEE7996 /* Pods-SurveyTests.debug.xcconfig */;
			buildSettings = {
				ALWAYS_EMBED_SWIFT_STANDARD_LIBRARIES = YES;
				BUNDLE_LOADER = "$(TEST_HOST)";
				CODE_SIGN_STYLE = Automatic;
				DEVELOPMENT_TEAM = 9786TSAYF2;
				INFOPLIST_FILE = SurveyTests/Info.plist;
				IPHONEOS_DEPLOYMENT_TARGET = 14.4;
				LD_RUNPATH_SEARCH_PATHS = (
					"$(inherited)",
					"@executable_path/Frameworks",
					"@loader_path/Frameworks",
				);
				PRODUCT_BUNDLE_IDENTIFIER = Kamonpan.SurveyTests;
				PRODUCT_NAME = "$(TARGET_NAME)";
				SWIFT_VERSION = 5.0;
				TARGETED_DEVICE_FAMILY = "1,2";
				TEST_HOST = "$(BUILT_PRODUCTS_DIR)/Survey.app/Survey";
			};
			name = Debug;
		};
		DCE8ABD9280930780061796E /* Release */ = {
			isa = XCBuildConfiguration;
			baseConfigurationReference = 4F07A379EF7DF3B40386FEA9 /* Pods-SurveyTests.release.xcconfig */;
			buildSettings = {
				ALWAYS_EMBED_SWIFT_STANDARD_LIBRARIES = YES;
				BUNDLE_LOADER = "$(TEST_HOST)";
				CODE_SIGN_STYLE = Automatic;
				DEVELOPMENT_TEAM = 9786TSAYF2;
				INFOPLIST_FILE = SurveyTests/Info.plist;
				IPHONEOS_DEPLOYMENT_TARGET = 14.4;
				LD_RUNPATH_SEARCH_PATHS = (
					"$(inherited)",
					"@executable_path/Frameworks",
					"@loader_path/Frameworks",
				);
				PRODUCT_BUNDLE_IDENTIFIER = Kamonpan.SurveyTests;
				PRODUCT_NAME = "$(TARGET_NAME)";
				SWIFT_VERSION = 5.0;
				TARGETED_DEVICE_FAMILY = "1,2";
				TEST_HOST = "$(BUILT_PRODUCTS_DIR)/Survey.app/Survey";
			};
			name = Release;
		};
		DCE8ABDB280930780061796E /* Debug */ = {
			isa = XCBuildConfiguration;
			baseConfigurationReference = 833B050BA2801A4D17AD5242 /* Pods-Survey-SurveyUITests.debug.xcconfig */;
			buildSettings = {
				ALWAYS_EMBED_SWIFT_STANDARD_LIBRARIES = YES;
				CODE_SIGN_STYLE = Automatic;
				DEVELOPMENT_TEAM = 9786TSAYF2;
				INFOPLIST_FILE = SurveyUITests/Info.plist;
				LD_RUNPATH_SEARCH_PATHS = (
					"$(inherited)",
					"@executable_path/Frameworks",
					"@loader_path/Frameworks",
				);
				PRODUCT_BUNDLE_IDENTIFIER = Kamonpan.SurveyUITests;
				PRODUCT_NAME = "$(TARGET_NAME)";
				SWIFT_VERSION = 5.0;
				TARGETED_DEVICE_FAMILY = "1,2";
				TEST_TARGET_NAME = Survey;
			};
			name = Debug;
		};
		DCE8ABDC280930780061796E /* Release */ = {
			isa = XCBuildConfiguration;
			baseConfigurationReference = 562DA2A5293331B0FB94B2A3 /* Pods-Survey-SurveyUITests.release.xcconfig */;
			buildSettings = {
				ALWAYS_EMBED_SWIFT_STANDARD_LIBRARIES = YES;
				CODE_SIGN_STYLE = Automatic;
				DEVELOPMENT_TEAM = 9786TSAYF2;
				INFOPLIST_FILE = SurveyUITests/Info.plist;
				LD_RUNPATH_SEARCH_PATHS = (
					"$(inherited)",
					"@executable_path/Frameworks",
					"@loader_path/Frameworks",
				);
				PRODUCT_BUNDLE_IDENTIFIER = Kamonpan.SurveyUITests;
				PRODUCT_NAME = "$(TARGET_NAME)";
				SWIFT_VERSION = 5.0;
				TARGETED_DEVICE_FAMILY = "1,2";
				TEST_TARGET_NAME = Survey;
			};
			name = Release;
		};
/* End XCBuildConfiguration section */

/* Begin XCConfigurationList section */
		DCE8ABA5280930760061796E /* Build configuration list for PBXProject "Survey" */ = {
			isa = XCConfigurationList;
			buildConfigurations = (
				DCE8ABD2280930780061796E /* Debug */,
				DCE8ABD3280930780061796E /* Release */,
			);
			defaultConfigurationIsVisible = 0;
			defaultConfigurationName = Release;
		};
		DCE8ABD4280930780061796E /* Build configuration list for PBXNativeTarget "Survey" */ = {
			isa = XCConfigurationList;
			buildConfigurations = (
				DCE8ABD5280930780061796E /* Debug */,
				DCE8ABD6280930780061796E /* Release */,
			);
			defaultConfigurationIsVisible = 0;
			defaultConfigurationName = Release;
		};
		DCE8ABD7280930780061796E /* Build configuration list for PBXNativeTarget "SurveyTests" */ = {
			isa = XCConfigurationList;
			buildConfigurations = (
				DCE8ABD8280930780061796E /* Debug */,
				DCE8ABD9280930780061796E /* Release */,
			);
			defaultConfigurationIsVisible = 0;
			defaultConfigurationName = Release;
		};
		DCE8ABDA280930780061796E /* Build configuration list for PBXNativeTarget "SurveyUITests" */ = {
			isa = XCConfigurationList;
			buildConfigurations = (
				DCE8ABDB280930780061796E /* Debug */,
				DCE8ABDC280930780061796E /* Release */,
			);
			defaultConfigurationIsVisible = 0;
			defaultConfigurationName = Release;
		};
/* End XCConfigurationList section */
	};
	rootObject = DCE8ABA2280930760061796E /* Project object */;
}
